
Microsoft Visual Studio Solution File, Format Version 12.00
# Visual Studio 14
VisualStudioVersion = 14.0.23107.0
MinimumVisualStudioVersion = 10.0.40219.1
Project("{8BC9CEB8-8B4A-11D0-8D11-00A0C91BC942}") = "Math", "Math\Math.vcxproj", "{4D99F201-8DA1-42D6-AF2E-43DAB61C1F52}"
EndProject
Project("{8BC9CEB8-8B4A-11D0-8D11-00A0C91BC942}") = "Shader", "Shader\Shader.vcxproj", "{9E3BAA87-9064-492A-ABFA-841356A2F9CD}"
EndProject
Project("{8BC9CEB8-8B4A-11D0-8D11-00A0C91BC942}") = "Shape", "Shape\Shape.vcxproj", "{26835914-C622-4373-8952-E22900885E9A}"
EndProject
Project("{8BC9CEB8-8B4A-11D0-8D11-00A0C91BC942}") = "Skybox", "Skybox\Skybox.vcxproj", "{D143788D-0D0B-4C32-9051-25AA2CB88647}"
EndProject
Project("{8BC9CEB8-8B4A-11D0-8D11-00A0C91BC942}") = "Texture", "Texture\Texture.vcxproj", "{F5CAD55E-E853-4955-AEF4-3ECC801A7725}"
EndProject
Project("{8BC9CEB8-8B4A-11D0-8D11-00A0C91BC942}") = "System", "System\System.vcxproj", "{C140AD23-2328-411C-96D0-D8D58850160D}"
EndProject
Project("{8BC9CEB8-8B4A-11D0-8D11-00A0C91BC942}") = "Terrain", "Terrain\Terrain.vcxproj", "{0ACDA1AC-A5F4-4F2E-9436-6E97A85EEA08}"
EndProject
Project("{8BC9CEB8-8B4A-11D0-8D11-00A0C91BC942}") = "Particle", "Particle\Particle.vcxproj", "{7E285E5E-70EE-4C17-A196-C75249B5776E}"
EndProject
Project("{8BC9CEB8-8B4A-11D0-8D11-00A0C91BC942}") = "01_Basic", "01_Basic\01_Basic.vcxproj", "{7B077099-E880-426C-BC7E-50BBCA1D937B}"
EndProject
Project("{8BC9CEB8-8B4A-11D0-8D11-00A0C91BC942}") = "OpenGL", "OpenGL\OpenGL.vcxproj", "{0838C00C-0C47-4941-AC9A-275969A699D4}"
EndProject
Project("{8BC9CEB8-8B4A-11D0-8D11-00A0C91BC942}") = "Object", "Object\Object.vcxproj", "{8756C274-62D0-44A2-9E76-FF0464AC4AC5}"
EndProject
Project("{8BC9CEB8-8B4A-11D0-8D11-00A0C91BC942}") = "02_Light", "02_Light\02_Light.vcxproj", "{5C5CDFCF-C047-4008-8F44-32719D6EB5E8}"
EndProject
Project("{8BC9CEB8-8B4A-11D0-8D11-00A0C91BC942}") = "03_Texture", "03_Texture\03_Texture.vcxproj", "{1C60F77E-8D36-4C9B-BCB4-801A076A6462}"
EndProject
Project("{8BC9CEB8-8B4A-11D0-8D11-00A0C91BC942}") = "04_Skybox", "04_Skybox\04_Skybox.vcxproj", "{8FCA0C52-1538-4848-864C-EC7D6C07507D}"
EndProject
Project("{8BC9CEB8-8B4A-11D0-8D11-00A0C91BC942}") = "05_Terrain", "05_Terrain\05_Terrain.vcxproj", "{581E30EF-1166-439D-BF96-127DD209E1A1}"
EndProject
Project("{8BC9CEB8-8B4A-11D0-8D11-00A0C91BC942}") = "06_Shadow", "06_Shadow\06_Shadow.vcxproj", "{386733EE-6EEC-45B2-A6B8-714CE9A3E1E2}"
EndProject
Project("{8BC9CEB8-8B4A-11D0-8D11-00A0C91BC942}") = "07_PreviewMesh", "07_PreviewMesh\07_PreviewMesh.vcxproj", "{A3FC4C8F-5F72-423D-8A8B-A2E645EBB9DB}"
EndProject
Project("{8BC9CEB8-8B4A-11D0-8D11-00A0C91BC942}") = "08_GodRays", "08_GodRays\08_GodRays.vcxproj", "{DED54E7C-70ED-49C6-AD5F-70A10964DE6E}"
EndProject
Project("{8BC9CEB8-8B4A-11D0-8D11-00A0C91BC942}") = "Godrays", "Godrays\Godrays.vcxproj", "{189CEBDB-F35A-445C-B380-DDE467CFB0EB}"
EndProject
Project("{8BC9CEB8-8B4A-11D0-8D11-00A0C91BC942}") = "00_Scene_Park", "00_Scene_Park\00_Scene_Park.vcxproj", "{3F20A317-18A0-47BB-8784-341C6D56C8CA}"
EndProject
Project("{8BC9CEB8-8B4A-11D0-8D11-00A0C91BC942}") = "09_Tessellation", "09_Tessellation\09_Tessellation.vcxproj", "{08A47235-57B8-4608-9786-0F2FE37FB1C7}"
EndProject
Project("{8BC9CEB8-8B4A-11D0-8D11-00A0C91BC942}") = "10_Compute", "10_Compute\10_Compute.vcxproj", "{4A0F7B9F-9D17-42AB-AD85-A2518F7930DF}"
EndProject
Global
	GlobalSection(SolutionConfigurationPlatforms) = preSolution
		Debug|Win32 = Debug|Win32
		Debug|x64 = Debug|x64
		Release|Win32 = Release|Win32
		Release|x64 = Release|x64
	EndGlobalSection
	GlobalSection(ProjectConfigurationPlatforms) = postSolution
		{4D99F201-8DA1-42D6-AF2E-43DAB61C1F52}.Debug|Win32.ActiveCfg = Debug|Win32
		{4D99F201-8DA1-42D6-AF2E-43DAB61C1F52}.Debug|Win32.Build.0 = Debug|Win32
		{4D99F201-8DA1-42D6-AF2E-43DAB61C1F52}.Debug|x64.ActiveCfg = Debug|Win32
		{4D99F201-8DA1-42D6-AF2E-43DAB61C1F52}.Release|Win32.ActiveCfg = Release|Win32
		{4D99F201-8DA1-42D6-AF2E-43DAB61C1F52}.Release|Win32.Build.0 = Release|Win32
		{4D99F201-8DA1-42D6-AF2E-43DAB61C1F52}.Release|x64.ActiveCfg = Release|Win32
		{9E3BAA87-9064-492A-ABFA-841356A2F9CD}.Debug|Win32.ActiveCfg = Debug|Win32
		{9E3BAA87-9064-492A-ABFA-841356A2F9CD}.Debug|Win32.Build.0 = Debug|Win32
		{9E3BAA87-9064-492A-ABFA-841356A2F9CD}.Debug|x64.ActiveCfg = Debug|Win32
		{9E3BAA87-9064-492A-ABFA-841356A2F9CD}.Release|Win32.ActiveCfg = Release|Win32
		{9E3BAA87-9064-492A-ABFA-841356A2F9CD}.Release|Win32.Build.0 = Release|Win32
		{9E3BAA87-9064-492A-ABFA-841356A2F9CD}.Release|x64.ActiveCfg = Release|Win32
		{26835914-C622-4373-8952-E22900885E9A}.Debug|Win32.ActiveCfg = Debug|Win32
		{26835914-C622-4373-8952-E22900885E9A}.Debug|Win32.Build.0 = Debug|Win32
		{26835914-C622-4373-8952-E22900885E9A}.Debug|x64.ActiveCfg = Debug|Win32
		{26835914-C622-4373-8952-E22900885E9A}.Release|Win32.ActiveCfg = Release|Win32
		{26835914-C622-4373-8952-E22900885E9A}.Release|Win32.Build.0 = Release|Win32
		{26835914-C622-4373-8952-E22900885E9A}.Release|x64.ActiveCfg = Release|Win32
		{D143788D-0D0B-4C32-9051-25AA2CB88647}.Debug|Win32.ActiveCfg = Debug|Win32
		{D143788D-0D0B-4C32-9051-25AA2CB88647}.Debug|Win32.Build.0 = Debug|Win32
		{D143788D-0D0B-4C32-9051-25AA2CB88647}.Debug|x64.ActiveCfg = Debug|Win32
		{D143788D-0D0B-4C32-9051-25AA2CB88647}.Release|Win32.ActiveCfg = Release|Win32
		{D143788D-0D0B-4C32-9051-25AA2CB88647}.Release|Win32.Build.0 = Release|Win32
		{D143788D-0D0B-4C32-9051-25AA2CB88647}.Release|x64.ActiveCfg = Release|Win32
		{F5CAD55E-E853-4955-AEF4-3ECC801A7725}.Debug|Win32.ActiveCfg = Debug|Win32
		{F5CAD55E-E853-4955-AEF4-3ECC801A7725}.Debug|Win32.Build.0 = Debug|Win32
		{F5CAD55E-E853-4955-AEF4-3ECC801A7725}.Debug|x64.ActiveCfg = Debug|Win32
		{F5CAD55E-E853-4955-AEF4-3ECC801A7725}.Release|Win32.ActiveCfg = Release|Win32
		{F5CAD55E-E853-4955-AEF4-3ECC801A7725}.Release|Win32.Build.0 = Release|Win32
		{F5CAD55E-E853-4955-AEF4-3ECC801A7725}.Release|x64.ActiveCfg = Release|Win32
		{C140AD23-2328-411C-96D0-D8D58850160D}.Debug|Win32.ActiveCfg = Debug|Win32
		{C140AD23-2328-411C-96D0-D8D58850160D}.Debug|Win32.Build.0 = Debug|Win32
		{C140AD23-2328-411C-96D0-D8D58850160D}.Debug|x64.ActiveCfg = Debug|Win32
		{C140AD23-2328-411C-96D0-D8D58850160D}.Release|Win32.ActiveCfg = Release|Win32
		{C140AD23-2328-411C-96D0-D8D58850160D}.Release|Win32.Build.0 = Release|Win32
		{C140AD23-2328-411C-96D0-D8D58850160D}.Release|Win32.Deploy.0 = Release|Win32
		{C140AD23-2328-411C-96D0-D8D58850160D}.Release|x64.ActiveCfg = Release|Win32
		{0ACDA1AC-A5F4-4F2E-9436-6E97A85EEA08}.Debug|Win32.ActiveCfg = Debug|Win32
		{0ACDA1AC-A5F4-4F2E-9436-6E97A85EEA08}.Debug|Win32.Build.0 = Debug|Win32
		{0ACDA1AC-A5F4-4F2E-9436-6E97A85EEA08}.Debug|x64.ActiveCfg = Debug|Win32
		{0ACDA1AC-A5F4-4F2E-9436-6E97A85EEA08}.Release|Win32.ActiveCfg = Release|Win32
		{0ACDA1AC-A5F4-4F2E-9436-6E97A85EEA08}.Release|Win32.Build.0 = Release|Win32
		{0ACDA1AC-A5F4-4F2E-9436-6E97A85EEA08}.Release|x64.ActiveCfg = Release|Win32
		{7E285E5E-70EE-4C17-A196-C75249B5776E}.Debug|Win32.ActiveCfg = Debug|Win32
		{7E285E5E-70EE-4C17-A196-C75249B5776E}.Debug|Win32.Build.0 = Debug|Win32
		{7E285E5E-70EE-4C17-A196-C75249B5776E}.Debug|x64.ActiveCfg = Debug|Win32
		{7E285E5E-70EE-4C17-A196-C75249B5776E}.Release|Win32.ActiveCfg = Release|Win32
		{7E285E5E-70EE-4C17-A196-C75249B5776E}.Release|Win32.Build.0 = Release|Win32
		{7E285E5E-70EE-4C17-A196-C75249B5776E}.Release|x64.ActiveCfg = Release|Win32
		{7B077099-E880-426C-BC7E-50BBCA1D937B}.Debug|Win32.ActiveCfg = Debug|Win32
		{7B077099-E880-426C-BC7E-50BBCA1D937B}.Debug|Win32.Build.0 = Debug|Win32
		{7B077099-E880-426C-BC7E-50BBCA1D937B}.Debug|x64.ActiveCfg = Debug|Win32
		{7B077099-E880-426C-BC7E-50BBCA1D937B}.Release|Win32.ActiveCfg = Release|Win32
		{7B077099-E880-426C-BC7E-50BBCA1D937B}.Release|Win32.Build.0 = Release|Win32
		{7B077099-E880-426C-BC7E-50BBCA1D937B}.Release|Win32.Deploy.0 = Release|Win32
		{7B077099-E880-426C-BC7E-50BBCA1D937B}.Release|x64.ActiveCfg = Release|Win32
		{0838C00C-0C47-4941-AC9A-275969A699D4}.Debug|Win32.ActiveCfg = Debug|Win32
		{0838C00C-0C47-4941-AC9A-275969A699D4}.Debug|Win32.Build.0 = Debug|Win32
		{0838C00C-0C47-4941-AC9A-275969A699D4}.Debug|x64.ActiveCfg = Debug|Win32
		{0838C00C-0C47-4941-AC9A-275969A699D4}.Release|Win32.ActiveCfg = Release|Win32
		{0838C00C-0C47-4941-AC9A-275969A699D4}.Release|Win32.Build.0 = Release|Win32
		{0838C00C-0C47-4941-AC9A-275969A699D4}.Release|x64.ActiveCfg = Release|Win32
		{8756C274-62D0-44A2-9E76-FF0464AC4AC5}.Debug|Win32.ActiveCfg = Debug|Win32
		{8756C274-62D0-44A2-9E76-FF0464AC4AC5}.Debug|Win32.Build.0 = Debug|Win32
		{8756C274-62D0-44A2-9E76-FF0464AC4AC5}.Debug|x64.ActiveCfg = Debug|Win32
		{8756C274-62D0-44A2-9E76-FF0464AC4AC5}.Release|Win32.ActiveCfg = Release|Win32
		{8756C274-62D0-44A2-9E76-FF0464AC4AC5}.Release|Win32.Build.0 = Release|Win32
		{8756C274-62D0-44A2-9E76-FF0464AC4AC5}.Release|x64.ActiveCfg = Release|Win32
		{5C5CDFCF-C047-4008-8F44-32719D6EB5E8}.Debug|Win32.ActiveCfg = Debug|Win32
		{5C5CDFCF-C047-4008-8F44-32719D6EB5E8}.Debug|Win32.Build.0 = Debug|Win32
		{5C5CDFCF-C047-4008-8F44-32719D6EB5E8}.Debug|x64.ActiveCfg = Debug|Win32
		{5C5CDFCF-C047-4008-8F44-32719D6EB5E8}.Release|Win32.ActiveCfg = Release|Win32
		{5C5CDFCF-C047-4008-8F44-32719D6EB5E8}.Release|Win32.Build.0 = Release|Win32
		{5C5CDFCF-C047-4008-8F44-32719D6EB5E8}.Release|x64.ActiveCfg = Release|Win32
		{1C60F77E-8D36-4C9B-BCB4-801A076A6462}.Debug|Win32.ActiveCfg = Debug|Win32
		{1C60F77E-8D36-4C9B-BCB4-801A076A6462}.Debug|Win32.Build.0 = Debug|Win32
		{1C60F77E-8D36-4C9B-BCB4-801A076A6462}.Debug|x64.ActiveCfg = Debug|Win32
		{1C60F77E-8D36-4C9B-BCB4-801A076A6462}.Release|Win32.ActiveCfg = Release|Win32
		{1C60F77E-8D36-4C9B-BCB4-801A076A6462}.Release|Win32.Build.0 = Release|Win32
		{1C60F77E-8D36-4C9B-BCB4-801A076A6462}.Release|x64.ActiveCfg = Release|Win32
		{8FCA0C52-1538-4848-864C-EC7D6C07507D}.Debug|Win32.ActiveCfg = Debug|Win32
		{8FCA0C52-1538-4848-864C-EC7D6C07507D}.Debug|Win32.Build.0 = Debug|Win32
		{8FCA0C52-1538-4848-864C-EC7D6C07507D}.Debug|x64.ActiveCfg = Debug|Win32
		{8FCA0C52-1538-4848-864C-EC7D6C07507D}.Release|Win32.ActiveCfg = Release|Win32
		{8FCA0C52-1538-4848-864C-EC7D6C07507D}.Release|Win32.Build.0 = Release|Win32
		{8FCA0C52-1538-4848-864C-EC7D6C07507D}.Release|x64.ActiveCfg = Release|Win32
		{581E30EF-1166-439D-BF96-127DD209E1A1}.Debug|Win32.ActiveCfg = Debug|Win32
		{581E30EF-1166-439D-BF96-127DD209E1A1}.Debug|Win32.Build.0 = Debug|Win32
		{581E30EF-1166-439D-BF96-127DD209E1A1}.Debug|x64.ActiveCfg = Debug|Win32
		{581E30EF-1166-439D-BF96-127DD209E1A1}.Release|Win32.ActiveCfg = Release|Win32
		{581E30EF-1166-439D-BF96-127DD209E1A1}.Release|Win32.Build.0 = Release|Win32
		{581E30EF-1166-439D-BF96-127DD209E1A1}.Release|x64.ActiveCfg = Release|Win32
		{386733EE-6EEC-45B2-A6B8-714CE9A3E1E2}.Debug|Win32.ActiveCfg = Debug|Win32
		{386733EE-6EEC-45B2-A6B8-714CE9A3E1E2}.Debug|Win32.Build.0 = Debug|Win32
		{386733EE-6EEC-45B2-A6B8-714CE9A3E1E2}.Debug|x64.ActiveCfg = Debug|Win32
		{386733EE-6EEC-45B2-A6B8-714CE9A3E1E2}.Release|Win32.ActiveCfg = Release|Win32
		{386733EE-6EEC-45B2-A6B8-714CE9A3E1E2}.Release|Win32.Build.0 = Release|Win32
		{386733EE-6EEC-45B2-A6B8-714CE9A3E1E2}.Release|x64.ActiveCfg = Release|Win32
		{A3FC4C8F-5F72-423D-8A8B-A2E645EBB9DB}.Debug|Win32.ActiveCfg = Debug|Win32
		{A3FC4C8F-5F72-423D-8A8B-A2E645EBB9DB}.Debug|Win32.Build.0 = Debug|Win32
		{A3FC4C8F-5F72-423D-8A8B-A2E645EBB9DB}.Debug|x64.ActiveCfg = Debug|Win32
		{A3FC4C8F-5F72-423D-8A8B-A2E645EBB9DB}.Release|Win32.ActiveCfg = Release|Win32
		{A3FC4C8F-5F72-423D-8A8B-A2E645EBB9DB}.Release|Win32.Build.0 = Release|Win32
		{A3FC4C8F-5F72-423D-8A8B-A2E645EBB9DB}.Release|x64.ActiveCfg = Release|Win32
		{DED54E7C-70ED-49C6-AD5F-70A10964DE6E}.Debug|Win32.ActiveCfg = Debug|Win32
		{DED54E7C-70ED-49C6-AD5F-70A10964DE6E}.Debug|Win32.Build.0 = Debug|Win32
		{DED54E7C-70ED-49C6-AD5F-70A10964DE6E}.Debug|x64.ActiveCfg = Debug|Win32
		{DED54E7C-70ED-49C6-AD5F-70A10964DE6E}.Release|Win32.ActiveCfg = Release|Win32
		{DED54E7C-70ED-49C6-AD5F-70A10964DE6E}.Release|Win32.Build.0 = Release|Win32
		{DED54E7C-70ED-49C6-AD5F-70A10964DE6E}.Release|x64.ActiveCfg = Release|Win32
		{189CEBDB-F35A-445C-B380-DDE467CFB0EB}.Debug|Win32.ActiveCfg = Debug|Win32
		{189CEBDB-F35A-445C-B380-DDE467CFB0EB}.Debug|Win32.Build.0 = Debug|Win32
		{189CEBDB-F35A-445C-B380-DDE467CFB0EB}.Debug|x64.ActiveCfg = Debug|Win32
		{189CEBDB-F35A-445C-B380-DDE467CFB0EB}.Release|Win32.ActiveCfg = Release|Win32
		{189CEBDB-F35A-445C-B380-DDE467CFB0EB}.Release|Win32.Build.0 = Release|Win32
		{189CEBDB-F35A-445C-B380-DDE467CFB0EB}.Release|x64.ActiveCfg = Release|Win32
		{3F20A317-18A0-47BB-8784-341C6D56C8CA}.Debug|Win32.ActiveCfg = Debug|Win32
		{3F20A317-18A0-47BB-8784-341C6D56C8CA}.Debug|Win32.Build.0 = Debug|Win32
		{3F20A317-18A0-47BB-8784-341C6D56C8CA}.Debug|x64.ActiveCfg = Debug|Win32
		{3F20A317-18A0-47BB-8784-341C6D56C8CA}.Release|Win32.ActiveCfg = Release|Win32
		{3F20A317-18A0-47BB-8784-341C6D56C8CA}.Release|Win32.Build.0 = Release|Win32
		{3F20A317-18A0-47BB-8784-341C6D56C8CA}.Release|x64.ActiveCfg = Release|Win32
		{08A47235-57B8-4608-9786-0F2FE37FB1C7}.Debug|Win32.ActiveCfg = Debug|Win32
		{08A47235-57B8-4608-9786-0F2FE37FB1C7}.Debug|Win32.Build.0 = Debug|Win32
		{08A47235-57B8-4608-9786-0F2FE37FB1C7}.Debug|x64.ActiveCfg = Debug|x64
		{08A47235-57B8-4608-9786-0F2FE37FB1C7}.Debug|x64.Build.0 = Debug|x64
		{08A47235-57B8-4608-9786-0F2FE37FB1C7}.Release|Win32.ActiveCfg = Release|Win32
		{08A47235-57B8-4608-9786-0F2FE37FB1C7}.Release|Win32.Build.0 = Release|Win32
		{08A47235-57B8-4608-9786-0F2FE37FB1C7}.Release|x64.ActiveCfg = Release|x64
		{08A47235-57B8-4608-9786-0F2FE37FB1C7}.Release|x64.Build.0 = Release|x64
		{4A0F7B9F-9D17-42AB-AD85-A2518F7930DF}.Debug|Win32.ActiveCfg = Debug|Win32
		{4A0F7B9F-9D17-42AB-AD85-A2518F7930DF}.Debug|Win32.Build.0 = Debug|Win32
		{4A0F7B9F-9D17-42AB-AD85-A2518F7930DF}.Debug|x64.ActiveCfg = Debug|x64
		{4A0F7B9F-9D17-42AB-AD85-A2518F7930DF}.Debug|x64.Build.0 = Debug|x64
		{4A0F7B9F-9D17-42AB-AD85-A2518F7930DF}.Release|Win32.ActiveCfg = Release|Win32
		{4A0F7B9F-9D17-42AB-AD85-A2518F7930DF}.Release|Win32.Build.0 = Release|Win32
		{4A0F7B9F-9D17-42AB-AD85-A2518F7930DF}.Release|x64.ActiveCfg = Release|x64
		{4A0F7B9F-9D17-42AB-AD85-A2518F7930DF}.Release|x64.Build.0 = Release|x64
	EndGlobalSection
	GlobalSection(SolutionProperties) = preSolution
		HideSolutionNode = FALSE
	EndGlobalSection
EndGlobal
